
Microsoft Visual Studio Solution File, Format Version 12.00
# Visual Studio Version 16
VisualStudioVersion = 16.0.29424.173
MinimumVisualStudioVersion = 10.0.40219.1
Project("{9A19103F-16F7-4668-BE54-9A1E7A4F7556}") = "Asserts", "Asserts\Asserts.csproj", "{55C4A276-E6A5-4AF5-9A77-3AA9F1A4D600}"
EndProject
Project("{9A19103F-16F7-4668-BE54-9A1E7A4F7556}") = "Asserts.UnitTests", "Asserts.UnitTests\Asserts.UnitTests.csproj", "{B6422EE7-A227-4FF2-88F5-19ED72CE89A6}"
EndProject
Project("{9A19103F-16F7-4668-BE54-9A1E7A4F7556}") = "Test", "Test\Test.csproj", "{A2988D39-8408-418E-BBDE-D4B372D85053}"
EndProject
Project("{9A19103F-16F7-4668-BE54-9A1E7A4F7556}") = "Runtime", "Runtime\Runtime.csproj", "{330EBCCD-29BA-478D-8BCA-11B7D77D9925}"
EndProject
Project("{9A19103F-16F7-4668-BE54-9A1E7A4F7556}") = "Log", "Log\Log.csproj", "{159A6AAE-6E6F-41F9-BD34-BFB7B2F31BE6}"
EndProject
Project("{9A19103F-16F7-4668-BE54-9A1E7A4F7556}") = "Log.UnitTests", "Log.UnitTests\Log.UnitTests.csproj", "{25B85FD9-3E93-4A49-83EC-8CB583637E5F}"
EndProject
Project("{9A19103F-16F7-4668-BE54-9A1E7A4F7556}") = "Log.Example", "Log.Example\Log.Example.csproj", "{3C81C377-0A8D-4C32-99A7-385913FE66C1}"
EndProject
Project("{9A19103F-16F7-4668-BE54-9A1E7A4F7556}") = "Profile", "Profile\Profile.csproj", "{5879CCA0-8D94-492A-BCB4-3A918537583D}"
EndProject
Project("{9A19103F-16F7-4668-BE54-9A1E7A4F7556}") = "Profile.Example", "Profile.Example\Profile.Example.csproj", "{6DFBBECA-3B37-40ED-9DA7-703A34587D49}"
EndProject
Project("{FAE04EC0-301F-11D3-BF4B-00C04F79EFBC}") = "Configuration", "Configuration\Configuration.csproj", "{E01B7C61-5BAE-40D9-B5BE-BB336A935012}"
EndProject
Global
	GlobalSection(SolutionConfigurationPlatforms) = preSolution
		Debug|Any CPU = Debug|Any CPU
		Debug|x64 = Debug|x64
		Debug|x86 = Debug|x86
		Release|Any CPU = Release|Any CPU
		Release|x64 = Release|x64
		Release|x86 = Release|x86
	EndGlobalSection
	GlobalSection(ProjectConfigurationPlatforms) = postSolution
		{55C4A276-E6A5-4AF5-9A77-3AA9F1A4D600}.Debug|Any CPU.ActiveCfg = Debug|Any CPU
		{55C4A276-E6A5-4AF5-9A77-3AA9F1A4D600}.Debug|Any CPU.Build.0 = Debug|Any CPU
		{55C4A276-E6A5-4AF5-9A77-3AA9F1A4D600}.Debug|x64.ActiveCfg = Debug|x64
		{55C4A276-E6A5-4AF5-9A77-3AA9F1A4D600}.Debug|x64.Build.0 = Debug|x64
		{55C4A276-E6A5-4AF5-9A77-3AA9F1A4D600}.Debug|x86.ActiveCfg = Debug|x86
		{55C4A276-E6A5-4AF5-9A77-3AA9F1A4D600}.Debug|x86.Build.0 = Debug|x86
		{55C4A276-E6A5-4AF5-9A77-3AA9F1A4D600}.Release|Any CPU.ActiveCfg = Release|Any CPU
		{55C4A276-E6A5-4AF5-9A77-3AA9F1A4D600}.Release|Any CPU.Build.0 = Release|Any CPU
		{55C4A276-E6A5-4AF5-9A77-3AA9F1A4D600}.Release|x64.ActiveCfg = Release|x64
		{55C4A276-E6A5-4AF5-9A77-3AA9F1A4D600}.Release|x64.Build.0 = Release|x64
		{55C4A276-E6A5-4AF5-9A77-3AA9F1A4D600}.Release|x86.ActiveCfg = Release|x86
		{55C4A276-E6A5-4AF5-9A77-3AA9F1A4D600}.Release|x86.Build.0 = Release|x86
		{B6422EE7-A227-4FF2-88F5-19ED72CE89A6}.Debug|Any CPU.ActiveCfg = Debug|Any CPU
		{B6422EE7-A227-4FF2-88F5-19ED72CE89A6}.Debug|Any CPU.Build.0 = Debug|Any CPU
		{B6422EE7-A227-4FF2-88F5-19ED72CE89A6}.Debug|x64.ActiveCfg = Debug|x64
		{B6422EE7-A227-4FF2-88F5-19ED72CE89A6}.Debug|x64.Build.0 = Debug|x64
		{B6422EE7-A227-4FF2-88F5-19ED72CE89A6}.Debug|x86.ActiveCfg = Debug|x86
		{B6422EE7-A227-4FF2-88F5-19ED72CE89A6}.Debug|x86.Build.0 = Debug|x86
		{B6422EE7-A227-4FF2-88F5-19ED72CE89A6}.Release|Any CPU.ActiveCfg = Release|Any CPU
		{B6422EE7-A227-4FF2-88F5-19ED72CE89A6}.Release|Any CPU.Build.0 = Release|Any CPU
		{B6422EE7-A227-4FF2-88F5-19ED72CE89A6}.Release|x64.ActiveCfg = Release|x64
		{B6422EE7-A227-4FF2-88F5-19ED72CE89A6}.Release|x64.Build.0 = Release|x64
		{B6422EE7-A227-4FF2-88F5-19ED72CE89A6}.Release|x86.ActiveCfg = Release|x86
		{B6422EE7-A227-4FF2-88F5-19ED72CE89A6}.Release|x86.Build.0 = Release|x86
		{A2988D39-8408-418E-BBDE-D4B372D85053}.Debug|Any CPU.ActiveCfg = Debug|Any CPU
		{A2988D39-8408-418E-BBDE-D4B372D85053}.Debug|Any CPU.Build.0 = Debug|Any CPU
		{A2988D39-8408-418E-BBDE-D4B372D85053}.Debug|x64.ActiveCfg = Debug|x64
		{A2988D39-8408-418E-BBDE-D4B372D85053}.Debug|x64.Build.0 = Debug|x64
		{A2988D39-8408-418E-BBDE-D4B372D85053}.Debug|x86.ActiveCfg = Debug|x86
		{A2988D39-8408-418E-BBDE-D4B372D85053}.Debug|x86.Build.0 = Debug|x86
		{A2988D39-8408-418E-BBDE-D4B372D85053}.Release|Any CPU.ActiveCfg = Release|Any CPU
		{A2988D39-8408-418E-BBDE-D4B372D85053}.Release|Any CPU.Build.0 = Release|Any CPU
		{A2988D39-8408-418E-BBDE-D4B372D85053}.Release|x64.ActiveCfg = Release|x64
		{A2988D39-8408-418E-BBDE-D4B372D85053}.Release|x64.Build.0 = Release|x64
		{A2988D39-8408-418E-BBDE-D4B372D85053}.Release|x86.ActiveCfg = Release|x86
		{A2988D39-8408-418E-BBDE-D4B372D85053}.Release|x86.Build.0 = Release|x86
		{330EBCCD-29BA-478D-8BCA-11B7D77D9925}.Debug|Any CPU.ActiveCfg = Debug|Any CPU
		{330EBCCD-29BA-478D-8BCA-11B7D77D9925}.Debug|Any CPU.Build.0 = Debug|Any CPU
		{330EBCCD-29BA-478D-8BCA-11B7D77D9925}.Debug|x64.ActiveCfg = Debug|x64
		{330EBCCD-29BA-478D-8BCA-11B7D77D9925}.Debug|x64.Build.0 = Debug|x64
		{330EBCCD-29BA-478D-8BCA-11B7D77D9925}.Debug|x86.ActiveCfg = Debug|x86
		{330EBCCD-29BA-478D-8BCA-11B7D77D9925}.Debug|x86.Build.0 = Debug|x86
		{330EBCCD-29BA-478D-8BCA-11B7D77D9925}.Release|Any CPU.ActiveCfg = Release|Any CPU
		{330EBCCD-29BA-478D-8BCA-11B7D77D9925}.Release|Any CPU.Build.0 = Release|Any CPU
		{330EBCCD-29BA-478D-8BCA-11B7D77D9925}.Release|x64.ActiveCfg = Release|x64
		{330EBCCD-29BA-478D-8BCA-11B7D77D9925}.Release|x64.Build.0 = Release|x64
		{330EBCCD-29BA-478D-8BCA-11B7D77D9925}.Release|x86.ActiveCfg = Release|x86
		{330EBCCD-29BA-478D-8BCA-11B7D77D9925}.Release|x86.Build.0 = Release|x86
		{159A6AAE-6E6F-41F9-BD34-BFB7B2F31BE6}.Debug|Any CPU.ActiveCfg = Debug|Any CPU
		{159A6AAE-6E6F-41F9-BD34-BFB7B2F31BE6}.Debug|Any CPU.Build.0 = Debug|Any CPU
		{159A6AAE-6E6F-41F9-BD34-BFB7B2F31BE6}.Debug|x64.ActiveCfg = Debug|x64
		{159A6AAE-6E6F-41F9-BD34-BFB7B2F31BE6}.Debug|x64.Build.0 = Debug|x64
		{159A6AAE-6E6F-41F9-BD34-BFB7B2F31BE6}.Debug|x86.ActiveCfg = Debug|x86
		{159A6AAE-6E6F-41F9-BD34-BFB7B2F31BE6}.Debug|x86.Build.0 = Debug|x86
		{159A6AAE-6E6F-41F9-BD34-BFB7B2F31BE6}.Release|Any CPU.ActiveCfg = Release|Any CPU
		{159A6AAE-6E6F-41F9-BD34-BFB7B2F31BE6}.Release|Any CPU.Build.0 = Release|Any CPU
		{159A6AAE-6E6F-41F9-BD34-BFB7B2F31BE6}.Release|x64.ActiveCfg = Release|x64
		{159A6AAE-6E6F-41F9-BD34-BFB7B2F31BE6}.Release|x64.Build.0 = Release|x64
		{159A6AAE-6E6F-41F9-BD34-BFB7B2F31BE6}.Release|x86.ActiveCfg = Release|x86
		{159A6AAE-6E6F-41F9-BD34-BFB7B2F31BE6}.Release|x86.Build.0 = Release|x86
		{25B85FD9-3E93-4A49-83EC-8CB583637E5F}.Debug|Any CPU.ActiveCfg = Debug|Any CPU
		{25B85FD9-3E93-4A49-83EC-8CB583637E5F}.Debug|Any CPU.Build.0 = Debug|Any CPU
		{25B85FD9-3E93-4A49-83EC-8CB583637E5F}.Debug|x64.ActiveCfg = Debug|x64
		{25B85FD9-3E93-4A49-83EC-8CB583637E5F}.Debug|x64.Build.0 = Debug|x64
		{25B85FD9-3E93-4A49-83EC-8CB583637E5F}.Debug|x86.ActiveCfg = Debug|x86
		{25B85FD9-3E93-4A49-83EC-8CB583637E5F}.Debug|x86.Build.0 = Debug|x86
		{25B85FD9-3E93-4A49-83EC-8CB583637E5F}.Release|Any CPU.ActiveCfg = Release|Any CPU
		{25B85FD9-3E93-4A49-83EC-8CB583637E5F}.Release|Any CPU.Build.0 = Release|Any CPU
		{25B85FD9-3E93-4A49-83EC-8CB583637E5F}.Release|x64.ActiveCfg = Release|x64
		{25B85FD9-3E93-4A49-83EC-8CB583637E5F}.Release|x64.Build.0 = Release|x64
		{25B85FD9-3E93-4A49-83EC-8CB583637E5F}.Release|x86.ActiveCfg = Release|x86
		{25B85FD9-3E93-4A49-83EC-8CB583637E5F}.Release|x86.Build.0 = Release|x86
		{3C81C377-0A8D-4C32-99A7-385913FE66C1}.Debug|Any CPU.ActiveCfg = Debug|Any CPU
		{3C81C377-0A8D-4C32-99A7-385913FE66C1}.Debug|Any CPU.Build.0 = Debug|Any CPU
		{3C81C377-0A8D-4C32-99A7-385913FE66C1}.Debug|x64.ActiveCfg = Debug|x64
		{3C81C377-0A8D-4C32-99A7-385913FE66C1}.Debug|x64.Build.0 = Debug|x64
		{3C81C377-0A8D-4C32-99A7-385913FE66C1}.Debug|x86.ActiveCfg = Debug|x86
		{3C81C377-0A8D-4C32-99A7-385913FE66C1}.Debug|x86.Build.0 = Debug|x86
		{3C81C377-0A8D-4C32-99A7-385913FE66C1}.Release|Any CPU.ActiveCfg = Release|Any CPU
		{3C81C377-0A8D-4C32-99A7-385913FE66C1}.Release|Any CPU.Build.0 = Release|Any CPU
		{3C81C377-0A8D-4C32-99A7-385913FE66C1}.Release|x64.ActiveCfg = Release|x64
		{3C81C377-0A8D-4C32-99A7-385913FE66C1}.Release|x64.Build.0 = Release|x64
		{3C81C377-0A8D-4C32-99A7-385913FE66C1}.Release|x86.ActiveCfg = Release|x86
		{3C81C377-0A8D-4C32-99A7-385913FE66C1}.Release|x86.Build.0 = Release|x86
		{5879CCA0-8D94-492A-BCB4-3A918537583D}.Debug|Any CPU.ActiveCfg = Debug|Any CPU
		{5879CCA0-8D94-492A-BCB4-3A918537583D}.Debug|Any CPU.Build.0 = Debug|Any CPU
		{5879CCA0-8D94-492A-BCB4-3A918537583D}.Debug|x64.ActiveCfg = Debug|x64
		{5879CCA0-8D94-492A-BCB4-3A918537583D}.Debug|x64.Build.0 = Debug|x64
		{5879CCA0-8D94-492A-BCB4-3A918537583D}.Debug|x86.ActiveCfg = Debug|x86
		{5879CCA0-8D94-492A-BCB4-3A918537583D}.Debug|x86.Build.0 = Debug|x86
		{5879CCA0-8D94-492A-BCB4-3A918537583D}.Release|Any CPU.ActiveCfg = Release|Any CPU
		{5879CCA0-8D94-492A-BCB4-3A918537583D}.Release|Any CPU.Build.0 = Release|Any CPU
		{5879CCA0-8D94-492A-BCB4-3A918537583D}.Release|x64.ActiveCfg = Release|x64
		{5879CCA0-8D94-492A-BCB4-3A918537583D}.Release|x64.Build.0 = Release|x64
		{5879CCA0-8D94-492A-BCB4-3A918537583D}.Release|x86.ActiveCfg = Release|x86
		{5879CCA0-8D94-492A-BCB4-3A918537583D}.Release|x86.Build.0 = Release|x86
		{6DFBBECA-3B37-40ED-9DA7-703A34587D49}.Debug|Any CPU.ActiveCfg = Debug|Any CPU
		{6DFBBECA-3B37-40ED-9DA7-703A34587D49}.Debug|Any CPU.Build.0 = Debug|Any CPU
		{6DFBBECA-3B37-40ED-9DA7-703A34587D49}.Debug|x64.ActiveCfg = Debug|x64
		{6DFBBECA-3B37-40ED-9DA7-703A34587D49}.Debug|x64.Build.0 = Debug|x64
		{6DFBBECA-3B37-40ED-9DA7-703A34587D49}.Debug|x86.ActiveCfg = Debug|x86
		{6DFBBECA-3B37-40ED-9DA7-703A34587D49}.Debug|x86.Build.0 = Debug|x86
		{6DFBBECA-3B37-40ED-9DA7-703A34587D49}.Release|Any CPU.ActiveCfg = Release|Any CPU
		{6DFBBECA-3B37-40ED-9DA7-703A34587D49}.Release|Any CPU.Build.0 = Release|Any CPU
		{6DFBBECA-3B37-40ED-9DA7-703A34587D49}.Release|x64.ActiveCfg = Release|x64
		{6DFBBECA-3B37-40ED-9DA7-703A34587D49}.Release|x64.Build.0 = Release|x64
		{6DFBBECA-3B37-40ED-9DA7-703A34587D49}.Release|x86.ActiveCfg = Release|x86
		{6DFBBECA-3B37-40ED-9DA7-703A34587D49}.Release|x86.Build.0 = Release|x86
		{E01B7C61-5BAE-40D9-B5BE-BB336A935012}.Debug|Any CPU.ActiveCfg = Debug|Any CPU
		{E01B7C61-5BAE-40D9-B5BE-BB336A935012}.Debug|Any CPU.Build.0 = Debug|Any CPU
		{E01B7C61-5BAE-40D9-B5BE-BB336A935012}.Debug|x64.ActiveCfg = Debug|x64
		{E01B7C61-5BAE-40D9-B5BE-BB336A935012}.Debug|x64.Build.0 = Debug|x64
		{E01B7C61-5BAE-40D9-B5BE-BB336A935012}.Debug|x86.ActiveCfg = Debug|x86
		{E01B7C61-5BAE-40D9-B5BE-BB336A935012}.Debug|x86.Build.0 = Debug|x86
		{E01B7C61-5BAE-40D9-B5BE-BB336A935012}.Release|Any CPU.ActiveCfg = Release|Any CPU
		{E01B7C61-5BAE-40D9-B5BE-BB336A935012}.Release|Any CPU.Build.0 = Release|Any CPU
		{E01B7C61-5BAE-40D9-B5BE-BB336A935012}.Release|x64.ActiveCfg = Release|x64
		{E01B7C61-5BAE-40D9-B5BE-BB336A935012}.Release|x64.Build.0 = Release|x64
		{E01B7C61-5BAE-40D9-B5BE-BB336A935012}.Release|x86.ActiveCfg = Release|x86
		{E01B7C61-5BAE-40D9-B5BE-BB336A935012}.Release|x86.Build.0 = Release|x86
	EndGlobalSection
	GlobalSection(SolutionProperties) = preSolution
		HideSolutionNode = FALSE
	EndGlobalSection
	GlobalSection(ExtensibilityGlobals) = postSolution
		SolutionGuid = {37CDA7D5-7AEF-4398-A2C2-99A5150F5D9B}
	EndGlobalSection
EndGlobal
