
Microsoft Visual Studio Solution File, Format Version 12.00
# Visual Studio Version 16
VisualStudioVersion = 16.0.29424.173
MinimumVisualStudioVersion = 10.0.40219.1
Project("{9A19103F-16F7-4668-BE54-9A1E7A4F7556}") = "Asserts", "Asserts\Asserts.csproj", "{55C4A276-E6A5-4AF5-9A77-3AA9F1A4D600}"
EndProject
Project("{9A19103F-16F7-4668-BE54-9A1E7A4F7556}") = "Asserts.UnitTests", "Asserts.UnitTests\Asserts.UnitTests.csproj", "{B6422EE7-A227-4FF2-88F5-19ED72CE89A6}"
EndProject
Project("{9A19103F-16F7-4668-BE54-9A1E7A4F7556}") = "Logging", "Logging\Logging.csproj", "{3B1F4B18-1C4A-4160-B843-9DA729FEF53E}"
EndProject
Project("{9A19103F-16F7-4668-BE54-9A1E7A4F7556}") = "Logging.UnitTests", "Logging.UnitTests\Logging.UnitTests.csproj", "{D01A3CEF-F2EF-45A7-A336-EDF6B35FF02A}"
EndProject
Project("{9A19103F-16F7-4668-BE54-9A1E7A4F7556}") = "Logging.Example", "Logging.Example\Logging.Example.csproj", "{E6BD5011-51C0-451D-8157-8BF1887B507B}"
EndProject
Project("{9A19103F-16F7-4668-BE54-9A1E7A4F7556}") = "Profiling", "Profiling\Profiling.csproj", "{06684DD7-63AB-4FF9-A0A0-A55039F2FB9F}"
EndProject
Project("{9A19103F-16F7-4668-BE54-9A1E7A4F7556}") = "Profiling.Example", "Profiling.Example\Profiling.Example.csproj", "{0D8322EE-B134-4E63-B425-7B2F07764884}"
EndProject
Global
	GlobalSection(SolutionConfigurationPlatforms) = preSolution
		Debug|Any CPU = Debug|Any CPU
		Debug|x64 = Debug|x64
		Debug|x86 = Debug|x86
		Release|Any CPU = Release|Any CPU
		Release|x64 = Release|x64
		Release|x86 = Release|x86
	EndGlobalSection
	GlobalSection(ProjectConfigurationPlatforms) = postSolution
		{55C4A276-E6A5-4AF5-9A77-3AA9F1A4D600}.Debug|Any CPU.ActiveCfg = Debug|Any CPU
		{55C4A276-E6A5-4AF5-9A77-3AA9F1A4D600}.Debug|Any CPU.Build.0 = Debug|Any CPU
		{55C4A276-E6A5-4AF5-9A77-3AA9F1A4D600}.Debug|x64.ActiveCfg = Debug|Any CPU
		{55C4A276-E6A5-4AF5-9A77-3AA9F1A4D600}.Debug|x64.Build.0 = Debug|Any CPU
		{55C4A276-E6A5-4AF5-9A77-3AA9F1A4D600}.Debug|x86.ActiveCfg = Debug|x86
		{55C4A276-E6A5-4AF5-9A77-3AA9F1A4D600}.Debug|x86.Build.0 = Debug|x86
		{55C4A276-E6A5-4AF5-9A77-3AA9F1A4D600}.Release|Any CPU.ActiveCfg = Release|Any CPU
		{55C4A276-E6A5-4AF5-9A77-3AA9F1A4D600}.Release|Any CPU.Build.0 = Release|Any CPU
		{55C4A276-E6A5-4AF5-9A77-3AA9F1A4D600}.Release|x64.ActiveCfg = Release|x64
		{55C4A276-E6A5-4AF5-9A77-3AA9F1A4D600}.Release|x64.Build.0 = Release|x64
		{55C4A276-E6A5-4AF5-9A77-3AA9F1A4D600}.Release|x86.ActiveCfg = Release|x86
		{55C4A276-E6A5-4AF5-9A77-3AA9F1A4D600}.Release|x86.Build.0 = Release|x86
		{B6422EE7-A227-4FF2-88F5-19ED72CE89A6}.Debug|Any CPU.ActiveCfg = Debug|Any CPU
		{B6422EE7-A227-4FF2-88F5-19ED72CE89A6}.Debug|Any CPU.Build.0 = Debug|Any CPU
		{B6422EE7-A227-4FF2-88F5-19ED72CE89A6}.Debug|x64.ActiveCfg = Debug|x64
		{B6422EE7-A227-4FF2-88F5-19ED72CE89A6}.Debug|x64.Build.0 = Debug|x64
		{B6422EE7-A227-4FF2-88F5-19ED72CE89A6}.Debug|x86.ActiveCfg = Debug|x86
		{B6422EE7-A227-4FF2-88F5-19ED72CE89A6}.Debug|x86.Build.0 = Debug|x86
		{B6422EE7-A227-4FF2-88F5-19ED72CE89A6}.Release|Any CPU.ActiveCfg = Release|Any CPU
		{B6422EE7-A227-4FF2-88F5-19ED72CE89A6}.Release|Any CPU.Build.0 = Release|Any CPU
		{B6422EE7-A227-4FF2-88F5-19ED72CE89A6}.Release|x64.ActiveCfg = Release|x64
		{B6422EE7-A227-4FF2-88F5-19ED72CE89A6}.Release|x64.Build.0 = Release|x64
		{B6422EE7-A227-4FF2-88F5-19ED72CE89A6}.Release|x86.ActiveCfg = Release|x86
		{B6422EE7-A227-4FF2-88F5-19ED72CE89A6}.Release|x86.Build.0 = Release|x86
		{3B1F4B18-1C4A-4160-B843-9DA729FEF53E}.Debug|Any CPU.ActiveCfg = Debug|Any CPU
		{3B1F4B18-1C4A-4160-B843-9DA729FEF53E}.Debug|Any CPU.Build.0 = Debug|Any CPU
		{3B1F4B18-1C4A-4160-B843-9DA729FEF53E}.Debug|x64.ActiveCfg = Debug|x64
		{3B1F4B18-1C4A-4160-B843-9DA729FEF53E}.Debug|x64.Build.0 = Debug|x64
		{3B1F4B18-1C4A-4160-B843-9DA729FEF53E}.Debug|x86.ActiveCfg = Debug|x86
		{3B1F4B18-1C4A-4160-B843-9DA729FEF53E}.Debug|x86.Build.0 = Debug|x86
		{3B1F4B18-1C4A-4160-B843-9DA729FEF53E}.Release|Any CPU.ActiveCfg = Release|Any CPU
		{3B1F4B18-1C4A-4160-B843-9DA729FEF53E}.Release|Any CPU.Build.0 = Release|Any CPU
		{3B1F4B18-1C4A-4160-B843-9DA729FEF53E}.Release|x64.ActiveCfg = Release|x64
		{3B1F4B18-1C4A-4160-B843-9DA729FEF53E}.Release|x64.Build.0 = Release|x64
		{3B1F4B18-1C4A-4160-B843-9DA729FEF53E}.Release|x86.ActiveCfg = Release|x86
		{3B1F4B18-1C4A-4160-B843-9DA729FEF53E}.Release|x86.Build.0 = Release|x86
		{D01A3CEF-F2EF-45A7-A336-EDF6B35FF02A}.Debug|Any CPU.ActiveCfg = Debug|Any CPU
		{D01A3CEF-F2EF-45A7-A336-EDF6B35FF02A}.Debug|Any CPU.Build.0 = Debug|Any CPU
		{D01A3CEF-F2EF-45A7-A336-EDF6B35FF02A}.Debug|x64.ActiveCfg = Debug|x64
		{D01A3CEF-F2EF-45A7-A336-EDF6B35FF02A}.Debug|x64.Build.0 = Debug|x64
		{D01A3CEF-F2EF-45A7-A336-EDF6B35FF02A}.Debug|x86.ActiveCfg = Debug|x86
		{D01A3CEF-F2EF-45A7-A336-EDF6B35FF02A}.Debug|x86.Build.0 = Debug|x86
		{D01A3CEF-F2EF-45A7-A336-EDF6B35FF02A}.Release|Any CPU.ActiveCfg = Release|Any CPU
		{D01A3CEF-F2EF-45A7-A336-EDF6B35FF02A}.Release|Any CPU.Build.0 = Release|Any CPU
		{D01A3CEF-F2EF-45A7-A336-EDF6B35FF02A}.Release|x64.ActiveCfg = Release|x64
		{D01A3CEF-F2EF-45A7-A336-EDF6B35FF02A}.Release|x64.Build.0 = Release|x64
		{D01A3CEF-F2EF-45A7-A336-EDF6B35FF02A}.Release|x86.ActiveCfg = Release|x86
		{D01A3CEF-F2EF-45A7-A336-EDF6B35FF02A}.Release|x86.Build.0 = Release|x86
		{E6BD5011-51C0-451D-8157-8BF1887B507B}.Debug|Any CPU.ActiveCfg = Debug|Any CPU
		{E6BD5011-51C0-451D-8157-8BF1887B507B}.Debug|Any CPU.Build.0 = Debug|Any CPU
		{E6BD5011-51C0-451D-8157-8BF1887B507B}.Debug|x64.ActiveCfg = Debug|x64
		{E6BD5011-51C0-451D-8157-8BF1887B507B}.Debug|x64.Build.0 = Debug|x64
		{E6BD5011-51C0-451D-8157-8BF1887B507B}.Debug|x86.ActiveCfg = Debug|x86
		{E6BD5011-51C0-451D-8157-8BF1887B507B}.Debug|x86.Build.0 = Debug|x86
		{E6BD5011-51C0-451D-8157-8BF1887B507B}.Release|Any CPU.ActiveCfg = Release|Any CPU
		{E6BD5011-51C0-451D-8157-8BF1887B507B}.Release|Any CPU.Build.0 = Release|Any CPU
		{E6BD5011-51C0-451D-8157-8BF1887B507B}.Release|x64.ActiveCfg = Release|x64
		{E6BD5011-51C0-451D-8157-8BF1887B507B}.Release|x64.Build.0 = Release|x64
		{E6BD5011-51C0-451D-8157-8BF1887B507B}.Release|x86.ActiveCfg = Release|x86
		{E6BD5011-51C0-451D-8157-8BF1887B507B}.Release|x86.Build.0 = Release|x86
		{06684DD7-63AB-4FF9-A0A0-A55039F2FB9F}.Debug|Any CPU.ActiveCfg = Debug|Any CPU
		{06684DD7-63AB-4FF9-A0A0-A55039F2FB9F}.Debug|Any CPU.Build.0 = Debug|Any CPU
		{06684DD7-63AB-4FF9-A0A0-A55039F2FB9F}.Debug|x64.ActiveCfg = Debug|x64
		{06684DD7-63AB-4FF9-A0A0-A55039F2FB9F}.Debug|x64.Build.0 = Debug|x64
		{06684DD7-63AB-4FF9-A0A0-A55039F2FB9F}.Debug|x86.ActiveCfg = Debug|x86
		{06684DD7-63AB-4FF9-A0A0-A55039F2FB9F}.Debug|x86.Build.0 = Debug|x86
		{06684DD7-63AB-4FF9-A0A0-A55039F2FB9F}.Release|Any CPU.ActiveCfg = Release|Any CPU
		{06684DD7-63AB-4FF9-A0A0-A55039F2FB9F}.Release|Any CPU.Build.0 = Release|Any CPU
		{06684DD7-63AB-4FF9-A0A0-A55039F2FB9F}.Release|x64.ActiveCfg = Release|x64
		{06684DD7-63AB-4FF9-A0A0-A55039F2FB9F}.Release|x64.Build.0 = Release|x64
		{06684DD7-63AB-4FF9-A0A0-A55039F2FB9F}.Release|x86.ActiveCfg = Release|x86
		{06684DD7-63AB-4FF9-A0A0-A55039F2FB9F}.Release|x86.Build.0 = Release|x86
		{0D8322EE-B134-4E63-B425-7B2F07764884}.Debug|Any CPU.ActiveCfg = Debug|Any CPU
		{0D8322EE-B134-4E63-B425-7B2F07764884}.Debug|Any CPU.Build.0 = Debug|Any CPU
		{0D8322EE-B134-4E63-B425-7B2F07764884}.Debug|x64.ActiveCfg = Debug|x64
		{0D8322EE-B134-4E63-B425-7B2F07764884}.Debug|x64.Build.0 = Debug|x64
		{0D8322EE-B134-4E63-B425-7B2F07764884}.Debug|x86.ActiveCfg = Debug|x86
		{0D8322EE-B134-4E63-B425-7B2F07764884}.Debug|x86.Build.0 = Debug|x86
		{0D8322EE-B134-4E63-B425-7B2F07764884}.Release|Any CPU.ActiveCfg = Release|Any CPU
		{0D8322EE-B134-4E63-B425-7B2F07764884}.Release|Any CPU.Build.0 = Release|Any CPU
		{0D8322EE-B134-4E63-B425-7B2F07764884}.Release|x64.ActiveCfg = Release|x64
		{0D8322EE-B134-4E63-B425-7B2F07764884}.Release|x64.Build.0 = Release|x64
		{0D8322EE-B134-4E63-B425-7B2F07764884}.Release|x86.ActiveCfg = Release|x86
		{0D8322EE-B134-4E63-B425-7B2F07764884}.Release|x86.Build.0 = Release|x86
	EndGlobalSection
	GlobalSection(SolutionProperties) = preSolution
		HideSolutionNode = FALSE
	EndGlobalSection
	GlobalSection(ExtensibilityGlobals) = postSolution
		SolutionGuid = {37CDA7D5-7AEF-4398-A2C2-99A5150F5D9B}
	EndGlobalSection
EndGlobal
